# This file is automatically @generated by Poetry 1.4.2 and should not be changed by hand.

[[package]]
name = "colorama"
version = "0.4.6"
description = "Cross-platform colored terminal text."
category = "main"
optional = false
python-versions = "!=3.0.*,!=3.1.*,!=3.2.*,!=3.3.*,!=3.4.*,!=3.5.*,!=3.6.*,>=2.7"
files = [
    {file = "colorama-0.4.6-py2.py3-none-any.whl", hash = "sha256:4f1d9991f5acc0ca119f9d443620b77f9d6b33703e51011c16baf57afb285fc6"},
    {file = "colorama-0.4.6.tar.gz", hash = "sha256:08695f5cb7ed6e0531a20572697297273c47b8cae5a63ffc6d6ed5c201be6e44"},
]

[[package]]
name = "flake8"
version = "5.0.4"
description = "the modular source code checker: pep8 pyflakes and co"
category = "dev"
optional = false
python-versions = ">=3.6.1"
files = [
    {file = "flake8-5.0.4-py2.py3-none-any.whl", hash = "sha256:7a1cf6b73744f5806ab95e526f6f0d8c01c66d7bbe349562d22dfca20610b248"},
    {file = "flake8-5.0.4.tar.gz", hash = "sha256:6fbe320aad8d6b95cec8b8e47bc933004678dc63095be98528b7bdd2a9f510db"},
]

[package.dependencies]
importlib-metadata = {version = ">=1.1.0,<4.3", markers = "python_version < \"3.8\""}
mccabe = ">=0.7.0,<0.8.0"
pycodestyle = ">=2.9.0,<2.10.0"
pyflakes = ">=2.5.0,<2.6.0"

[[package]]
name = "importlib-metadata"
version = "4.2.0"
description = "Read metadata from Python packages"
category = "dev"
optional = false
python-versions = ">=3.6"
files = [
    {file = "importlib_metadata-4.2.0-py3-none-any.whl", hash = "sha256:057e92c15bc8d9e8109738a48db0ccb31b4d9d5cfbee5a8670879a30be66304b"},
    {file = "importlib_metadata-4.2.0.tar.gz", hash = "sha256:b7e52a1f8dec14a75ea73e0891f3060099ca1d8e6a462a4dff11c3e119ea1b31"},
]

[package.dependencies]
typing-extensions = {version = ">=3.6.4", markers = "python_version < \"3.8\""}
zipp = ">=0.5"

[package.extras]
docs = ["jaraco.packaging (>=8.2)", "rst.linker (>=1.9)", "sphinx"]
testing = ["flufl.flake8", "importlib-resources (>=1.3)", "packaging", "pep517", "pyfakefs", "pytest (>=4.6)", "pytest-black (>=0.3.7)", "pytest-checkdocs (>=2.4)", "pytest-cov", "pytest-enabler (>=1.0.1)", "pytest-flake8", "pytest-mypy"]

[[package]]
name = "loguru"
version = "0.6.0"
description = "Python logging made (stupidly) simple"
category = "main"
optional = false
python-versions = ">=3.5"
files = [
    {file = "loguru-0.6.0-py3-none-any.whl", hash = "sha256:4e2414d534a2ab57573365b3e6d0234dfb1d84b68b7f3b948e6fb743860a77c3"},
    {file = "loguru-0.6.0.tar.gz", hash = "sha256:066bd06758d0a513e9836fd9c6b5a75bfb3fd36841f4b996bc60b547a309d41c"},
]

[package.dependencies]
colorama = {version = ">=0.3.4", markers = "sys_platform == \"win32\""}
win32-setctime = {version = ">=1.0.0", markers = "sys_platform == \"win32\""}

[package.extras]
dev = ["Sphinx (>=4.1.1)", "black (>=19.10b0)", "colorama (>=0.3.4)", "docutils (==0.16)", "flake8 (>=3.7.7)", "isort (>=5.1.1)", "pytest (>=4.6.2)", "pytest-cov (>=2.7.1)", "sphinx-autobuild (>=0.7.1)", "sphinx-rtd-theme (>=0.4.3)", "tox (>=3.9.0)"]

[[package]]
name = "mccabe"
version = "0.7.0"
description = "McCabe checker, plugin for flake8"
category = "dev"
optional = false
python-versions = ">=3.6"
files = [
    {file = "mccabe-0.7.0-py2.py3-none-any.whl", hash = "sha256:6c2d30ab6be0e4a46919781807b4f0d834ebdd6c6e3dca0bda5a15f863427b6e"},
    {file = "mccabe-0.7.0.tar.gz", hash = "sha256:348e0240c33b60bbdf4e523192ef919f28cb2c3d7d5c7794f74009290f236325"},
]

[[package]]
name = "pycodestyle"
version = "2.9.1"
description = "Python style guide checker"
category = "dev"
optional = false
python-versions = ">=3.6"
files = [
    {file = "pycodestyle-2.9.1-py2.py3-none-any.whl", hash = "sha256:d1735fc58b418fd7c5f658d28d943854f8a849b01a5d0a1e6f3f3fdd0166804b"},
    {file = "pycodestyle-2.9.1.tar.gz", hash = "sha256:2c9607871d58c76354b697b42f5d57e1ada7d261c261efac224b664affdc5785"},
]

[[package]]
name = "pydantic"
version = "1.10.2"
description = "Data validation and settings management using python type hints"
category = "main"
optional = false
python-versions = ">=3.7"
files = [
    {file = "pydantic-1.10.2-cp310-cp310-macosx_10_9_x86_64.whl", hash = "sha256:bb6ad4489af1bac6955d38ebcb95079a836af31e4c4f74aba1ca05bb9f6027bd"},
    {file = "pydantic-1.10.2-cp310-cp310-macosx_11_0_arm64.whl", hash = "sha256:a1f5a63a6dfe19d719b1b6e6106561869d2efaca6167f84f5ab9347887d78b98"},
    {file = "pydantic-1.10.2-cp310-cp310-manylinux_2_17_x86_64.manylinux2014_x86_64.whl", hash = "sha256:352aedb1d71b8b0736c6d56ad2bd34c6982720644b0624462059ab29bd6e5912"},
    {file = "pydantic-1.10.2-cp310-cp310-manylinux_2_5_i686.manylinux1_i686.manylinux_2_17_i686.manylinux2014_i686.whl", hash = "sha256:19b3b9ccf97af2b7519c42032441a891a5e05c68368f40865a90eb88833c2559"},
    {file = "pydantic-1.10.2-cp310-cp310-musllinux_1_1_i686.whl", hash = "sha256:e9069e1b01525a96e6ff49e25876d90d5a563bc31c658289a8772ae186552236"},
    {file = "pydantic-1.10.2-cp310-cp310-musllinux_1_1_x86_64.whl", hash = "sha256:355639d9afc76bcb9b0c3000ddcd08472ae75318a6eb67a15866b87e2efa168c"},
    {file = "pydantic-1.10.2-cp310-cp310-win_amd64.whl", hash = "sha256:ae544c47bec47a86bc7d350f965d8b15540e27e5aa4f55170ac6a75e5f73b644"},
    {file = "pydantic-1.10.2-cp311-cp311-macosx_10_9_x86_64.whl", hash = "sha256:a4c805731c33a8db4b6ace45ce440c4ef5336e712508b4d9e1aafa617dc9907f"},
    {file = "pydantic-1.10.2-cp311-cp311-macosx_11_0_arm64.whl", hash = "sha256:d49f3db871575e0426b12e2f32fdb25e579dea16486a26e5a0474af87cb1ab0a"},
    {file = "pydantic-1.10.2-cp311-cp311-manylinux_2_17_x86_64.manylinux2014_x86_64.whl", hash = "sha256:37c90345ec7dd2f1bcef82ce49b6235b40f282b94d3eec47e801baf864d15525"},
    {file = "pydantic-1.10.2-cp311-cp311-manylinux_2_5_i686.manylinux1_i686.manylinux_2_17_i686.manylinux2014_i686.whl", hash = "sha256:7b5ba54d026c2bd2cb769d3468885f23f43710f651688e91f5fb1edcf0ee9283"},
    {file = "pydantic-1.10.2-cp311-cp311-musllinux_1_1_i686.whl", hash = "sha256:05e00dbebbe810b33c7a7362f231893183bcc4251f3f2ff991c31d5c08240c42"},
    {file = "pydantic-1.10.2-cp311-cp311-musllinux_1_1_x86_64.whl", hash = "sha256:2d0567e60eb01bccda3a4df01df677adf6b437958d35c12a3ac3e0f078b0ee52"},
    {file = "pydantic-1.10.2-cp311-cp311-win_amd64.whl", hash = "sha256:c6f981882aea41e021f72779ce2a4e87267458cc4d39ea990729e21ef18f0f8c"},
    {file = "pydantic-1.10.2-cp37-cp37m-macosx_10_9_x86_64.whl", hash = "sha256:c4aac8e7103bf598373208f6299fa9a5cfd1fc571f2d40bf1dd1955a63d6eeb5"},
    {file = "pydantic-1.10.2-cp37-cp37m-manylinux_2_17_x86_64.manylinux2014_x86_64.whl", hash = "sha256:81a7b66c3f499108b448f3f004801fcd7d7165fb4200acb03f1c2402da73ce4c"},
    {file = "pydantic-1.10.2-cp37-cp37m-manylinux_2_5_i686.manylinux1_i686.manylinux_2_17_i686.manylinux2014_i686.whl", hash = "sha256:bedf309630209e78582ffacda64a21f96f3ed2e51fbf3962d4d488e503420254"},
    {file = "pydantic-1.10.2-cp37-cp37m-musllinux_1_1_i686.whl", hash = "sha256:9300fcbebf85f6339a02c6994b2eb3ff1b9c8c14f502058b5bf349d42447dcf5"},
    {file = "pydantic-1.10.2-cp37-cp37m-musllinux_1_1_x86_64.whl", hash = "sha256:216f3bcbf19c726b1cc22b099dd409aa371f55c08800bcea4c44c8f74b73478d"},
    {file = "pydantic-1.10.2-cp37-cp37m-win_amd64.whl", hash = "sha256:dd3f9a40c16daf323cf913593083698caee97df2804aa36c4b3175d5ac1b92a2"},
    {file = "pydantic-1.10.2-cp38-cp38-macosx_10_9_x86_64.whl", hash = "sha256:b97890e56a694486f772d36efd2ba31612739bc6f3caeee50e9e7e3ebd2fdd13"},
    {file = "pydantic-1.10.2-cp38-cp38-macosx_11_0_arm64.whl", hash = "sha256:9cabf4a7f05a776e7793e72793cd92cc865ea0e83a819f9ae4ecccb1b8aa6116"},
    {file = "pydantic-1.10.2-cp38-cp38-manylinux_2_17_x86_64.manylinux2014_x86_64.whl", hash = "sha256:06094d18dd5e6f2bbf93efa54991c3240964bb663b87729ac340eb5014310624"},
    {file = "pydantic-1.10.2-cp38-cp38-manylinux_2_5_i686.manylinux1_i686.manylinux_2_17_i686.manylinux2014_i686.whl", hash = "sha256:cc78cc83110d2f275ec1970e7a831f4e371ee92405332ebfe9860a715f8336e1"},
    {file = "pydantic-1.10.2-cp38-cp38-musllinux_1_1_i686.whl", hash = "sha256:1ee433e274268a4b0c8fde7ad9d58ecba12b069a033ecc4645bb6303c062d2e9"},
    {file = "pydantic-1.10.2-cp38-cp38-musllinux_1_1_x86_64.whl", hash = "sha256:7c2abc4393dea97a4ccbb4ec7d8658d4e22c4765b7b9b9445588f16c71ad9965"},
    {file = "pydantic-1.10.2-cp38-cp38-win_amd64.whl", hash = "sha256:0b959f4d8211fc964772b595ebb25f7652da3f22322c007b6fed26846a40685e"},
    {file = "pydantic-1.10.2-cp39-cp39-macosx_10_9_x86_64.whl", hash = "sha256:c33602f93bfb67779f9c507e4d69451664524389546bacfe1bee13cae6dc7488"},
    {file = "pydantic-1.10.2-cp39-cp39-macosx_11_0_arm64.whl", hash = "sha256:5760e164b807a48a8f25f8aa1a6d857e6ce62e7ec83ea5d5c5a802eac81bad41"},
    {file = "pydantic-1.10.2-cp39-cp39-manylinux_2_17_x86_64.manylinux2014_x86_64.whl", hash = "sha256:6eb843dcc411b6a2237a694f5e1d649fc66c6064d02b204a7e9d194dff81eb4b"},
    {file = "pydantic-1.10.2-cp39-cp39-manylinux_2_5_i686.manylinux1_i686.manylinux_2_17_i686.manylinux2014_i686.whl", hash = "sha256:4b8795290deaae348c4eba0cebb196e1c6b98bdbe7f50b2d0d9a4a99716342fe"},
    {file = "pydantic-1.10.2-cp39-cp39-musllinux_1_1_i686.whl", hash = "sha256:e0bedafe4bc165ad0a56ac0bd7695df25c50f76961da29c050712596cf092d6d"},
    {file = "pydantic-1.10.2-cp39-cp39-musllinux_1_1_x86_64.whl", hash = "sha256:2e05aed07fa02231dbf03d0adb1be1d79cabb09025dd45aa094aa8b4e7b9dcda"},
    {file = "pydantic-1.10.2-cp39-cp39-win_amd64.whl", hash = "sha256:c1ba1afb396148bbc70e9eaa8c06c1716fdddabaf86e7027c5988bae2a829ab6"},
    {file = "pydantic-1.10.2-py3-none-any.whl", hash = "sha256:1b6ee725bd6e83ec78b1aa32c5b1fa67a3a65badddde3976bca5fe4568f27709"},
    {file = "pydantic-1.10.2.tar.gz", hash = "sha256:91b8e218852ef6007c2b98cd861601c6a09f1aa32bbbb74fab5b1c33d4a1e410"},
]

[package.dependencies]
typing-extensions = ">=4.1.0"

[package.extras]
dotenv = ["python-dotenv (>=0.10.4)"]
email = ["email-validator (>=1.0.3)"]

[[package]]
name = "pyflakes"
version = "2.5.0"
description = "passive checker of Python programs"
category = "dev"
optional = false
python-versions = ">=3.6"
files = [
    {file = "pyflakes-2.5.0-py2.py3-none-any.whl", hash = "sha256:4579f67d887f804e67edb544428f264b7b24f435b263c4614f384135cea553d2"},
    {file = "pyflakes-2.5.0.tar.gz", hash = "sha256:491feb020dca48ccc562a8c0cbe8df07ee13078df59813b83959cbdada312ea3"},
]

[[package]]
name = "pygls"
version = "0.13.1"
description = "a pythonic generic language server (pronounced like \"pie glass\")."
category = "main"
optional = false
python-versions = "<3.12,>=3.7"
files = [
    {file = "pygls-0.13.1-py3-none-any.whl", hash = "sha256:37a1b5a45fe8934d992412f11d84d69d2ede55b52df2e34e6aa9342e5308d20e"},
    {file = "pygls-0.13.1.tar.gz", hash = "sha256:b2d3f5cbf3d0e5dfa88b9150a371e3a0e619d7f25b77113aba4ca746c8385a66"},
]

[package.dependencies]
pydantic = [
    {version = ">=1.9.1", markers = "python_version < \"3.11\""},
    {version = ">=1.10.2", markers = "python_version >= \"3.11\""},
]
typeguard = ">=2.10.0,<3"

[package.extras]
dev = ["bandit (==1.7.4)", "flake8 (==4.0.1)", "mypy (==0.961)"]
docs = ["sphinx (==5.0.1)", "sphinx-rtd-theme (==1.0.0)"]
test = ["mock (==4.0.3)", "pytest (==7.1.2)", "pytest-asyncio (==0.18.3)"]
ws = ["websockets (>=10.0.0,<11.0.0)"]

[[package]]
name = "tree-sitter"
version = "0.20.4"
description = "Python bindings for the Tree-Sitter parsing library"
category = "main"
optional = false
python-versions = ">=3.3"
files = [
    {file = "tree_sitter-0.20.4-cp310-cp310-macosx_10_9_universal2.whl", hash = "sha256:c259b9bcb596e54f54713eb3951226fc834d65289940f4bfdcdf519f08e8e876"},
    {file = "tree_sitter-0.20.4-cp310-cp310-macosx_10_9_x86_64.whl", hash = "sha256:88da7e2e4c69881cd63916cc24ae0b809f96aae331da45b418ae6b2d1ed2ca19"},
    {file = "tree_sitter-0.20.4-cp310-cp310-macosx_11_0_arm64.whl", hash = "sha256:66a68b156ba131e9d8dff4a1f72037f4b368cc50c58f18905a91743ae1d1c795"},
    {file = "tree_sitter-0.20.4-cp310-cp310-manylinux_2_17_aarch64.manylinux2014_aarch64.whl", hash = "sha256:ae28e25d551f406807011487bdfb9728041e656b30b554fa7f3391ab64ed69f9"},
    {file = "tree_sitter-0.20.4-cp310-cp310-manylinux_2_17_x86_64.manylinux2014_x86_64.whl", hash = "sha256:36b10c9c69e825ba65cf9b0f77668bf33e70d2a5764b64ad6f133f8cc9220f09"},
    {file = "tree_sitter-0.20.4-cp310-cp310-musllinux_1_1_aarch64.whl", hash = "sha256:7c18c64ddd44b75b7e1660b9793753eda427e4b145b6216d4b2d2e9b200c74f2"},
    {file = "tree_sitter-0.20.4-cp310-cp310-musllinux_1_1_x86_64.whl", hash = "sha256:e9e9e594bbefb76ad9ea256f5c87eba7591b4758854d3df83ce4df415933a006"},
    {file = "tree_sitter-0.20.4-cp310-cp310-win32.whl", hash = "sha256:b4755229dc18644fe48bcab974bde09b171fcb6ef625d3cb5ece5c6198f4223e"},
    {file = "tree_sitter-0.20.4-cp310-cp310-win_amd64.whl", hash = "sha256:f792684cee8a46d9194d9f4223810e54ccc704470c5777538d59fbde0a4c91bf"},
    {file = "tree_sitter-0.20.4-cp311-cp311-macosx_10_9_universal2.whl", hash = "sha256:9d22ee75f45836554ee6a11e50dd8f9827941e67c49fce9a0790245b899811a9"},
    {file = "tree_sitter-0.20.4-cp311-cp311-macosx_10_9_x86_64.whl", hash = "sha256:2a0ffd76dd991ba745bb5d0ba1d583bec85726d3ddef8c9685dc8636a619adde"},
    {file = "tree_sitter-0.20.4-cp311-cp311-macosx_11_0_arm64.whl", hash = "sha256:060d4e5b803be0975f1ac46e54a292eab0701296ccd912f6cdac3f7331e29143"},
    {file = "tree_sitter-0.20.4-cp311-cp311-manylinux_2_17_aarch64.manylinux2014_aarch64.whl", hash = "sha256:822e02366dbf223697b2b56b8f91aa5b60571f9fe7c998988a381db1c69604e9"},
    {file = "tree_sitter-0.20.4-cp311-cp311-manylinux_2_17_x86_64.manylinux2014_x86_64.whl", hash = "sha256:527ca72c6a8f60fa719af37fa86f58b7ad0e07b8f74d1c1c7e926c5c888a7e6b"},
    {file = "tree_sitter-0.20.4-cp311-cp311-musllinux_1_1_aarch64.whl", hash = "sha256:a418ca71309ea7052e076f08d623f33f58eae01a8e8cdc1e6d3a01b5b8ddebfe"},
    {file = "tree_sitter-0.20.4-cp311-cp311-musllinux_1_1_x86_64.whl", hash = "sha256:08c3ba2561b61a83c28ca06a0bce2a5ffcfb6b39f9d27a45e5ebd9cad2bedb7f"},
    {file = "tree_sitter-0.20.4-cp311-cp311-win32.whl", hash = "sha256:8d04c75a389b2de94952d602264852acff8cd3ed1ccf8a2492a080973d5ddd58"},
    {file = "tree_sitter-0.20.4-cp311-cp311-win_amd64.whl", hash = "sha256:ba9215c0e7529d9eb370528e5d99b7389d14a7eae94f07d14fa9dab18f267c62"},
    {file = "tree_sitter-0.20.4-cp312-cp312-macosx_10_9_universal2.whl", hash = "sha256:c4c1af5ed4306071d30970c83ec882520a7bf5d8053996dbc4aa5c59238d4990"},
    {file = "tree_sitter-0.20.4-cp312-cp312-macosx_10_9_x86_64.whl", hash = "sha256:9d70bfa550cf22c9cea9b3c0d18b889fc4f2a7e9dcf1d6cc93f49fa9d4a94954"},
    {file = "tree_sitter-0.20.4-cp312-cp312-macosx_11_0_arm64.whl", hash = "sha256:6de537bca0641775d8d175d37303d54998980fc0d997dd9aa89e16b415bf0cc3"},
    {file = "tree_sitter-0.20.4-cp312-cp312-manylinux_2_17_aarch64.manylinux2014_aarch64.whl", hash = "sha256:9b1c0f8c0e3e50267566f5116cdceedf4e23e8c08b55ef3becbe954a11b16e84"},
    {file = "tree_sitter-0.20.4-cp312-cp312-manylinux_2_17_x86_64.manylinux2014_x86_64.whl", hash = "sha256:20ef2ee6d9bb8e21713949e5ff769ed670fe1217f95b7eeb6c675788438c1e6e"},
    {file = "tree_sitter-0.20.4-cp312-cp312-musllinux_1_1_aarch64.whl", hash = "sha256:b6fd1c881ab0de5faa67168db2d001eee32be5482cb4e0b21b217689a05b6fe4"},
    {file = "tree_sitter-0.20.4-cp312-cp312-musllinux_1_1_x86_64.whl", hash = "sha256:bf47047420021d50aec529cb66387c90562350b499ddf56ecef1fc8255439e30"},
    {file = "tree_sitter-0.20.4-cp312-cp312-win32.whl", hash = "sha256:c16b48378041fc9702b6aa3480f2ffa49ca8ea58141a862acd569e5a0679655f"},
    {file = "tree_sitter-0.20.4-cp312-cp312-win_amd64.whl", hash = "sha256:973e871167079a1b1d7304d361449253efbe2a6974728ad563cf407bd02ddccb"},
    {file = "tree_sitter-0.20.4-cp36-cp36m-macosx_10_9_x86_64.whl", hash = "sha256:9d33a55598dd18a4d8b869a3417de82a4812c3a7dc7e61cb025ece3e9c3e4e96"},
    {file = "tree_sitter-0.20.4-cp36-cp36m-manylinux_2_17_aarch64.manylinux2014_aarch64.whl", hash = "sha256:7cee6955c2c97fc5927a41c7a8b06647c4b4d9b99b8a1581bf1183435c8cec3e"},
    {file = "tree_sitter-0.20.4-cp36-cp36m-manylinux_2_17_x86_64.manylinux2014_x86_64.whl", hash = "sha256:5022bea67e479ad212be7c05b983a72e297a013efb4e8ea5b5b4d7da79a9fdef"},
    {file = "tree_sitter-0.20.4-cp36-cp36m-musllinux_1_1_aarch64.whl", hash = "sha256:640f60a5b966f0990338f1bf559455c3dcb822bc4329d82b3d42f32a48374dfe"},
    {file = "tree_sitter-0.20.4-cp36-cp36m-musllinux_1_1_x86_64.whl", hash = "sha256:0e83f641fe6f27d91bd4d259fff5d35de1567d3f581b9efe9bbd5be50fe4ddc7"},
    {file = "tree_sitter-0.20.4-cp36-cp36m-win32.whl", hash = "sha256:ce6a85027c66fa3f09d482cc6d41927ea40955f7f33b86aedd26dd932709a2c9"},
    {file = "tree_sitter-0.20.4-cp36-cp36m-win_amd64.whl", hash = "sha256:fe10779347a6c067af29cb37fd4b75fa96c5cb68f587cc9530b70fe3f2a51a55"},
    {file = "tree_sitter-0.20.4-cp37-cp37m-macosx_10_9_x86_64.whl", hash = "sha256:28d5f84e34e276887e3a240b60906ca7e2b51e975f3145c3149ceed977a69508"},
    {file = "tree_sitter-0.20.4-cp37-cp37m-manylinux_2_17_aarch64.manylinux2014_aarch64.whl", hash = "sha256:6c913b65cbe10996116988ac436748f24883b5097e58274223e89bb2c5d1bb1a"},
    {file = "tree_sitter-0.20.4-cp37-cp37m-manylinux_2_17_x86_64.manylinux2014_x86_64.whl", hash = "sha256:ecaed46241e071752195a628bb97d2b740f2fde9e34f8a74456a4ea8bb26df88"},
    {file = "tree_sitter-0.20.4-cp37-cp37m-musllinux_1_1_aarch64.whl", hash = "sha256:b641e88a97eab002a1736d93ef5a4beac90ea4fd6e25affd1831319b99f456c9"},
    {file = "tree_sitter-0.20.4-cp37-cp37m-musllinux_1_1_x86_64.whl", hash = "sha256:327c40f439c6155e4eee54c4657e4701a04f5f4816d9defdcb836bf65bf83d21"},
    {file = "tree_sitter-0.20.4-cp37-cp37m-win32.whl", hash = "sha256:1b7c1d95f006b3de42fbf4045bd00c273d113e372fcb6a5378e74ed120c12032"},
    {file = "tree_sitter-0.20.4-cp37-cp37m-win_amd64.whl", hash = "sha256:6140d037239a41046f5d34fba5e0374ee697adb4b48b90579c618b5402781c11"},
    {file = "tree_sitter-0.20.4-cp38-cp38-macosx_10_9_universal2.whl", hash = "sha256:f42fd1104efaad8151370f1936e2a488b7337a5d24544a9ab59ba4c4010b1272"},
    {file = "tree_sitter-0.20.4-cp38-cp38-macosx_10_9_x86_64.whl", hash = "sha256:7859717c5d62ee386b3d036cab8ed0f88f8c027b6b4ae476a55a8c5fb8aab713"},
    {file = "tree_sitter-0.20.4-cp38-cp38-macosx_11_0_arm64.whl", hash = "sha256:fdd361fe1cc68db68b4d85165641275e34b86cc26b2bab932790204fa14824dc"},
    {file = "tree_sitter-0.20.4-cp38-cp38-manylinux_2_17_aarch64.manylinux2014_aarch64.whl", hash = "sha256:9b8d7539075606027b67764543463ff2bc4e52f4158ef6dc419c9f5625aa5383"},
    {file = "tree_sitter-0.20.4-cp38-cp38-manylinux_2_17_x86_64.manylinux2014_x86_64.whl", hash = "sha256:78e76307f05aca6cde72f3307b4d53701f34ae45f2248ceb83d1626051e201fd"},
    {file = "tree_sitter-0.20.4-cp38-cp38-musllinux_1_1_aarch64.whl", hash = "sha256:dd8c352f4577f61098d06cf3feb7fd214259f41b5036b81003860ed54d16b448"},
    {file = "tree_sitter-0.20.4-cp38-cp38-musllinux_1_1_x86_64.whl", hash = "sha256:281f3e5382d1bd7fccc88d1afe68c915565bc24f8b8dd4844079d46c7815b8a7"},
    {file = "tree_sitter-0.20.4-cp38-cp38-win32.whl", hash = "sha256:6a77ac3cdcddd80cdd1fd394318bff99f94f37e08d235aaefccb87e1224946e5"},
    {file = "tree_sitter-0.20.4-cp38-cp38-win_amd64.whl", hash = "sha256:8eee8adf54033dc48eab84b040f4d7b32355a964c4ae0aae5dfbdc4dbc3364ca"},
    {file = "tree_sitter-0.20.4-cp39-cp39-macosx_10_9_universal2.whl", hash = "sha256:e89f6508e30fce05e2c724725d022db30d877817b9d64f933506ffb3a3f4a2c2"},
    {file = "tree_sitter-0.20.4-cp39-cp39-macosx_10_9_x86_64.whl", hash = "sha256:7fb6286bb1fae663c45ff0700ec88fb9b50a81eed2bae8a291f95fcf8cc19547"},
    {file = "tree_sitter-0.20.4-cp39-cp39-macosx_11_0_arm64.whl", hash = "sha256:11e93f8b4bbae04070416a82257a7ab2eb0afb76e093ae3ea73bd63b792f6846"},
    {file = "tree_sitter-0.20.4-cp39-cp39-manylinux_2_17_aarch64.manylinux2014_aarch64.whl", hash = "sha256:8250725c5f78929aeb2c71db5dca76f1ef448389ca16f9439161f90978bb8478"},
    {file = "tree_sitter-0.20.4-cp39-cp39-manylinux_2_17_x86_64.manylinux2014_x86_64.whl", hash = "sha256:d404a8ca9de9b0843844f0cd4d423f46bc46375ab8afb63b1d8ec01201457ac8"},
    {file = "tree_sitter-0.20.4-cp39-cp39-musllinux_1_1_aarch64.whl", hash = "sha256:0f2422c9ee70ba972dfc3943746e6cf7fc03725a866908950245bda9ccfc7301"},
    {file = "tree_sitter-0.20.4-cp39-cp39-musllinux_1_1_x86_64.whl", hash = "sha256:21a937942e4729abbe778a609d2c218574436cb351c36fba89ef3c8c6066ec78"},
    {file = "tree_sitter-0.20.4-cp39-cp39-win32.whl", hash = "sha256:427a9a39360cc1816e28f8182550e478e4ba983595a2565ab9dfe32ea1b03fd7"},
    {file = "tree_sitter-0.20.4-cp39-cp39-win_amd64.whl", hash = "sha256:7095bb9aff297fa9c6026bf8914fd295997d714d1a6ee9a1edf7282c772f9f64"},
    {file = "tree_sitter-0.20.4-pp310-pypy310_pp73-macosx_10_9_x86_64.whl", hash = "sha256:859260b90f0e3867ae840e39f54e830f607b3bc531bc21deeeeaa8a30cbb89ad"},
    {file = "tree_sitter-0.20.4-pp310-pypy310_pp73-manylinux_2_17_aarch64.manylinux2014_aarch64.whl", hash = "sha256:0dfc14be73cf46126660a3aecdd0396e69562ad1a902245225ca7bd29649594e"},
    {file = "tree_sitter-0.20.4-pp310-pypy310_pp73-manylinux_2_17_x86_64.manylinux2014_x86_64.whl", hash = "sha256:5ec46355bf3ff23f54d5e365871ffd3e05cfbc65d1b36a8be7c0bcbda30a1d43"},
    {file = "tree_sitter-0.20.4-pp310-pypy310_pp73-win_amd64.whl", hash = "sha256:d933a942fde39876b99c36f12aa3764e4a555ae9366c10ce6cca8c16341c1bbf"},
    {file = "tree_sitter-0.20.4-pp37-pypy37_pp73-macosx_10_9_x86_64.whl", hash = "sha256:a7eec3b55135fe851a38fa248c9fd75fc3d58ceb6e1865b795e416e4d598c2a1"},
    {file = "tree_sitter-0.20.4-pp37-pypy37_pp73-manylinux_2_17_aarch64.manylinux2014_aarch64.whl", hash = "sha256:dfc76225529ee14a53e84413480ce81ec3c44eaa0455c140e961c90ac3118ead"},
    {file = "tree_sitter-0.20.4-pp37-pypy37_pp73-manylinux_2_17_x86_64.manylinux2014_x86_64.whl", hash = "sha256:ccf0396e47efffc0b528959a8f2e2346a98297579f867e9e1834c2aad4be829c"},
    {file = "tree_sitter-0.20.4-pp37-pypy37_pp73-win_amd64.whl", hash = "sha256:a15fbabd3bc8e29c48289c156d743e69f5ec72bb125cf44f7adbdaa1937c3da6"},
    {file = "tree_sitter-0.20.4-pp38-pypy38_pp73-macosx_10_9_x86_64.whl", hash = "sha256:36f8adf2126f496cf376b6e4b707cba061c25beb17841727eef6f0e083e53e1f"},
    {file = "tree_sitter-0.20.4-pp38-pypy38_pp73-manylinux_2_17_aarch64.manylinux2014_aarch64.whl", hash = "sha256:841efb40c116ab0a066924925409a8a4dcffeb39a151c0b2a1c2abe56ad4fb42"},
    {file = "tree_sitter-0.20.4-pp38-pypy38_pp73-manylinux_2_17_x86_64.manylinux2014_x86_64.whl", hash = "sha256:2051e8a70fd8426f27a43dad71d11929a62ce30a9b1eb65bba0ed79e82481592"},
    {file = "tree_sitter-0.20.4-pp38-pypy38_pp73-win_amd64.whl", hash = "sha256:99a3c2824d4cfcffd9f961176891426bde2cb36ece5280c61480be93319c23c4"},
    {file = "tree_sitter-0.20.4-pp39-pypy39_pp73-macosx_10_9_x86_64.whl", hash = "sha256:72830dc85a10430eca3d56739b7efcd7a05459c8d425f08c1aee6179ab7f13a9"},
    {file = "tree_sitter-0.20.4-pp39-pypy39_pp73-manylinux_2_17_aarch64.manylinux2014_aarch64.whl", hash = "sha256:4992dd226055b6cd0a4f5661c66b799a73d3eff716302e0f7ab06594ee12d49f"},
    {file = "tree_sitter-0.20.4-pp39-pypy39_pp73-manylinux_2_17_x86_64.manylinux2014_x86_64.whl", hash = "sha256:a66d95bbf92175cdc295d6d77f330942811f02e3aaf3fc64431cb749683b2f7d"},
    {file = "tree_sitter-0.20.4-pp39-pypy39_pp73-win_amd64.whl", hash = "sha256:a25b1087e4f7825b2458dacf5f4b0be2938f78e850e822edca1ff4994b56081a"},
    {file = "tree_sitter-0.20.4.tar.gz", hash = "sha256:6adb123e2f3e56399bbf2359924633c882cc40ee8344885200bca0922f713be5"},
]

[[package]]
name = "typeguard"
version = "2.13.3"
description = "Run-time type checker for Python"
category = "main"
optional = false
python-versions = ">=3.5.3"
files = [
    {file = "typeguard-2.13.3-py3-none-any.whl", hash = "sha256:5e3e3be01e887e7eafae5af63d1f36c849aaa94e3a0112097312aabfa16284f1"},
    {file = "typeguard-2.13.3.tar.gz", hash = "sha256:00edaa8da3a133674796cf5ea87d9f4b4c367d77476e185e80251cc13dfbb8c4"},
]

[package.extras]
doc = ["sphinx-autodoc-typehints (>=1.2.0)", "sphinx-rtd-theme"]
test = ["mypy", "pytest", "typing-extensions"]

[[package]]
name = "typing-extensions"
version = "4.7.1"
description = "Backported and Experimental Type Hints for Python 3.7+"
category = "main"
optional = false
python-versions = ">=3.7"
files = [
    {file = "typing_extensions-4.7.1-py3-none-any.whl", hash = "sha256:440d5dd3af93b060174bf433bccd69b0babc3b15b1a8dca43789fd7f61514b36"},
    {file = "typing_extensions-4.7.1.tar.gz", hash = "sha256:b75ddc264f0ba5615db7ba217daeb99701ad295353c45f9e95963337ceeeffb2"},
]

[[package]]
name = "win32-setctime"
version = "1.1.0"
description = "A small Python utility to set file creation time on Windows"
category = "main"
optional = false
python-versions = ">=3.5"
files = [
    {file = "win32_setctime-1.1.0-py3-none-any.whl", hash = "sha256:231db239e959c2fe7eb1d7dc129f11172354f98361c4fa2d6d2d7e278baa8aad"},
    {file = "win32_setctime-1.1.0.tar.gz", hash = "sha256:15cf5750465118d6929ae4de4eb46e8edae9a5634350c01ba582df868e932cb2"},
]

[package.extras]
dev = ["black (>=19.3b0)", "pytest (>=4.6.2)"]

[[package]]
name = "zipp"
version = "3.15.0"
description = "Backport of pathlib-compatible object wrapper for zip files"
category = "dev"
optional = false
python-versions = ">=3.7"
files = [
    {file = "zipp-3.15.0-py3-none-any.whl", hash = "sha256:48904fc76a60e542af151aded95726c1a5c34ed43ab4134b597665c86d7ad556"},
    {file = "zipp-3.15.0.tar.gz", hash = "sha256:112929ad649da941c23de50f356a2b5570c954b65150642bccdd66bf194d224b"},
]

[package.extras]
docs = ["furo", "jaraco.packaging (>=9)", "jaraco.tidelift (>=1.4)", "rst.linker (>=1.9)", "sphinx (>=3.5)", "sphinx-lint"]
testing = ["big-O", "flake8 (<5)", "jaraco.functools", "jaraco.itertools", "more-itertools", "pytest (>=6)", "pytest-black (>=0.3.7)", "pytest-checkdocs (>=2.4)", "pytest-cov", "pytest-enabler (>=1.3)", "pytest-flake8", "pytest-mypy (>=0.9.1)"]

[metadata]
lock-version = "2.0"
python-versions = "^3.7,<3.12"
content-hash = "609877700808a22fac95a0f67a21badb69fa8ee9c2a719d5840991a05c7ede5f"
