[[package]]
name = "colorama"
version = "0.4.6"
description = "Cross-platform colored terminal text."
category = "main"
optional = false
python-versions = "!=3.0.*,!=3.1.*,!=3.2.*,!=3.3.*,!=3.4.*,!=3.5.*,!=3.6.*,>=2.7"

[[package]]
name = "flake8"
version = "5.0.4"
description = "the modular source code checker: pep8 pyflakes and co"
category = "dev"
optional = false
python-versions = ">=3.6.1"

[package.dependencies]
mccabe = ">=0.7.0,<0.8.0"
pycodestyle = ">=2.9.0,<2.10.0"
pyflakes = ">=2.5.0,<2.6.0"

[[package]]
name = "loguru"
version = "0.6.0"
description = "Python logging made (stupidly) simple"
category = "main"
optional = false
python-versions = ">=3.5"

[package.dependencies]
colorama = {version = ">=0.3.4", markers = "sys_platform == \"win32\""}
win32-setctime = {version = ">=1.0.0", markers = "sys_platform == \"win32\""}

[package.extras]
dev = ["Sphinx (>=4.1.1)", "black (>=19.10b0)", "colorama (>=0.3.4)", "docutils (==0.16)", "flake8 (>=3.7.7)", "isort (>=5.1.1)", "pytest (>=4.6.2)", "pytest-cov (>=2.7.1)", "sphinx-autobuild (>=0.7.1)", "sphinx-rtd-theme (>=0.4.3)", "tox (>=3.9.0)"]

[[package]]
name = "mccabe"
version = "0.7.0"
description = "McCabe checker, plugin for flake8"
category = "dev"
optional = false
python-versions = ">=3.6"

[[package]]
name = "pycodestyle"
version = "2.9.1"
description = "Python style guide checker"
category = "dev"
optional = false
python-versions = ">=3.6"

[[package]]
name = "pydantic"
version = "1.10.3"
description = "Data validation and settings management using python type hints"
category = "main"
optional = false
python-versions = ">=3.7"

[package.dependencies]
typing-extensions = ">=4.1.0"

[package.extras]
dotenv = ["python-dotenv (>=0.10.4)"]
email = ["email-validator (>=1.0.3)"]

[[package]]
name = "pyflakes"
version = "2.5.0"
description = "passive checker of Python programs"
category = "dev"
optional = false
python-versions = ">=3.6"

[[package]]
name = "pygls"
version = "0.13.1"
description = "a pythonic generic language server (pronounced like \"pie glass\")."
category = "main"
optional = false
python-versions = "<3.12,>=3.7"

[package.dependencies]
pydantic = {version = ">=1.9.1", markers = "python_version < \"3.11\""}
typeguard = ">=2.10.0,<3"

[package.extras]
dev = ["bandit (==1.7.4)", "flake8 (==4.0.1)", "mypy (==0.961)"]
docs = ["sphinx (==5.0.1)", "sphinx-rtd-theme (==1.0.0)"]
test = ["mock (==4.0.3)", "pytest (==7.1.2)", "pytest-asyncio (==0.18.3)"]
ws = ["websockets (>=10.0.0,<11.0.0)"]

[[package]]
name = "tree-sitter"
version = "0.20.1"
description = "Python bindings to the Tree-sitter parsing library"
category = "main"
optional = false
python-versions = ">=3.3"

[[package]]
name = "typeguard"
version = "2.13.3"
description = "Run-time type checker for Python"
category = "main"
optional = false
python-versions = ">=3.5.3"

[package.extras]
doc = ["sphinx-autodoc-typehints (>=1.2.0)", "sphinx-rtd-theme"]
test = ["mypy", "pytest", "typing-extensions"]

[[package]]
name = "typing-extensions"
version = "4.4.0"
description = "Backported and Experimental Type Hints for Python 3.7+"
category = "main"
optional = false
python-versions = ">=3.7"

[[package]]
name = "win32-setctime"
version = "1.1.0"
description = "A small Python utility to set file creation time on Windows"
category = "main"
optional = false
python-versions = ">=3.5"

[package.extras]
dev = ["black (>=19.3b0)", "pytest (>=4.6.2)"]

[metadata]
lock-version = "1.1"
python-versions = "3.10.*"
content-hash = "4cd37fc36c25be1a771ea3769b0e53fc79595dbc20d2116ceb4eab849aecdaa1"

[metadata.files]
colorama = [
    {file = "colorama-0.4.6-py2.py3-none-any.whl", hash = "sha256:4f1d9991f5acc0ca119f9d443620b77f9d6b33703e51011c16baf57afb285fc6"},
    {file = "colorama-0.4.6.tar.gz", hash = "sha256:08695f5cb7ed6e0531a20572697297273c47b8cae5a63ffc6d6ed5c201be6e44"},
]
flake8 = [
    {file = "flake8-5.0.4-py2.py3-none-any.whl", hash = "sha256:7a1cf6b73744f5806ab95e526f6f0d8c01c66d7bbe349562d22dfca20610b248"},
    {file = "flake8-5.0.4.tar.gz", hash = "sha256:6fbe320aad8d6b95cec8b8e47bc933004678dc63095be98528b7bdd2a9f510db"},
]
loguru = [
    {file = "loguru-0.6.0-py3-none-any.whl", hash = "sha256:4e2414d534a2ab57573365b3e6d0234dfb1d84b68b7f3b948e6fb743860a77c3"},
    {file = "loguru-0.6.0.tar.gz", hash = "sha256:066bd06758d0a513e9836fd9c6b5a75bfb3fd36841f4b996bc60b547a309d41c"},
]
mccabe = [
    {file = "mccabe-0.7.0-py2.py3-none-any.whl", hash = "sha256:6c2d30ab6be0e4a46919781807b4f0d834ebdd6c6e3dca0bda5a15f863427b6e"},
    {file = "mccabe-0.7.0.tar.gz", hash = "sha256:348e0240c33b60bbdf4e523192ef919f28cb2c3d7d5c7794f74009290f236325"},
]
pycodestyle = [
    {file = "pycodestyle-2.9.1-py2.py3-none-any.whl", hash = "sha256:d1735fc58b418fd7c5f658d28d943854f8a849b01a5d0a1e6f3f3fdd0166804b"},
    {file = "pycodestyle-2.9.1.tar.gz", hash = "sha256:2c9607871d58c76354b697b42f5d57e1ada7d261c261efac224b664affdc5785"},
]
pydantic = [
    {file = "pydantic-1.10.3-cp310-cp310-macosx_10_9_x86_64.whl", hash = "sha256:ef012251ca6bc899f0b5a9239c527dec30915462f35c3a58aab6ddff09708484"},
    {file = "pydantic-1.10.3-cp310-cp310-macosx_11_0_arm64.whl", hash = "sha256:810e1510da10bc6c59300221ba55e17cfb7b62279fe87c6466f9e293975a6dd5"},
    {file = "pydantic-1.10.3-cp310-cp310-manylinux_2_17_x86_64.manylinux2014_x86_64.whl", hash = "sha256:a83e92f7311c703fb1d64dba81d1e374786465a4e260b0616f731401e1f875a8"},
    {file = "pydantic-1.10.3-cp310-cp310-manylinux_2_5_i686.manylinux1_i686.manylinux_2_17_i686.manylinux2014_i686.whl", hash = "sha256:b4efd2e1f63cdd0877e24ca5d5edd7dc65a24b915da04e67b1fe485a0f7f3508"},
    {file = "pydantic-1.10.3-cp310-cp310-musllinux_1_1_i686.whl", hash = "sha256:d15d22b5d666b7b610d9a99a73de6b27be8982ee3af4de0cb32586ee72557f25"},
    {file = "pydantic-1.10.3-cp310-cp310-musllinux_1_1_x86_64.whl", hash = "sha256:d29e5353593117937901a6329c7295955eacbf4856a0c01da5319f416ad18967"},
    {file = "pydantic-1.10.3-cp310-cp310-win_amd64.whl", hash = "sha256:106302e18978c22c51b013d347db6ef5589776137663b16dc77ea3162bc82711"},
    {file = "pydantic-1.10.3-cp311-cp311-macosx_10_9_x86_64.whl", hash = "sha256:85e48eb95c39a5fd4500d148e8330d878fafe9e3eca6c253bdf0bd0af2b71371"},
    {file = "pydantic-1.10.3-cp311-cp311-macosx_11_0_arm64.whl", hash = "sha256:9862e881689e1c067c11b307513465e6509647f9f10e3c48d100120351449087"},
    {file = "pydantic-1.10.3-cp311-cp311-manylinux_2_17_x86_64.manylinux2014_x86_64.whl", hash = "sha256:d21cca3b77f9a7a69f51991e26780427396226a5a576c72635e25b8439dd0170"},
    {file = "pydantic-1.10.3-cp311-cp311-manylinux_2_5_i686.manylinux1_i686.manylinux_2_17_i686.manylinux2014_i686.whl", hash = "sha256:df2fa7102d1bec588d360833777d47772ce7f6aecc0335be43de710a8d034f42"},
    {file = "pydantic-1.10.3-cp311-cp311-musllinux_1_1_i686.whl", hash = "sha256:f7eb71ad9fb1f6911ca2b7010039a9d61a3f14bd4f60a1c57e9250f8d87375fb"},
    {file = "pydantic-1.10.3-cp311-cp311-musllinux_1_1_x86_64.whl", hash = "sha256:762a6560e6d31d0a5558ee95cdece616dd6d92c94e3a9a41fb46f2d733a66f49"},
    {file = "pydantic-1.10.3-cp311-cp311-win_amd64.whl", hash = "sha256:38dc429316685a3b13ca008c907e2cc9e164068e49612b5284d7cbb01504c3a3"},
    {file = "pydantic-1.10.3-cp37-cp37m-macosx_10_9_x86_64.whl", hash = "sha256:000a7d934e182f6e368340382338dea5423b0503a3a5cafd3f2b75e684fe67f2"},
    {file = "pydantic-1.10.3-cp37-cp37m-manylinux_2_17_x86_64.manylinux2014_x86_64.whl", hash = "sha256:ec151222823911a72aeb3c855947fe10b31e718484b233eb7d2d98a5df3d3c7b"},
    {file = "pydantic-1.10.3-cp37-cp37m-manylinux_2_5_i686.manylinux1_i686.manylinux_2_17_i686.manylinux2014_i686.whl", hash = "sha256:a63805997d1ab9082c2c89017d3368369689660a35a7d8a8fccb67f77d5cf4d8"},
    {file = "pydantic-1.10.3-cp37-cp37m-musllinux_1_1_i686.whl", hash = "sha256:5fa3374562b3d4ea45bdff711c01854e5ce6c9ca9e2f37a6e94313412249000e"},
    {file = "pydantic-1.10.3-cp37-cp37m-musllinux_1_1_x86_64.whl", hash = "sha256:bf121ec413f943803e9401fae0e58898bf9e68a97bdd9eea4d055499936a2e75"},
    {file = "pydantic-1.10.3-cp37-cp37m-win_amd64.whl", hash = "sha256:e580ec5dcb7ff6861ef2de3b7c8a9af4112691bebd392221ed70de57fe846ae9"},
    {file = "pydantic-1.10.3-cp38-cp38-macosx_10_9_x86_64.whl", hash = "sha256:495ad4077575e2629f775a7635c4f383d279b3de2439880b76ce27758db98902"},
    {file = "pydantic-1.10.3-cp38-cp38-macosx_11_0_arm64.whl", hash = "sha256:1cf20586026691c7aa59f0372488a75699194ab6ff7142577d585272b45e12ba"},
    {file = "pydantic-1.10.3-cp38-cp38-manylinux_2_17_x86_64.manylinux2014_x86_64.whl", hash = "sha256:5f918f2dcd740ac3b2603a1a8bf091a151385a31d02fac5903a2bbf2336d2025"},
    {file = "pydantic-1.10.3-cp38-cp38-manylinux_2_5_i686.manylinux1_i686.manylinux_2_17_i686.manylinux2014_i686.whl", hash = "sha256:ddcec93519cb0ea63d0d7e8462042b46191020f862b88302815586707f4e8acc"},
    {file = "pydantic-1.10.3-cp38-cp38-musllinux_1_1_i686.whl", hash = "sha256:3701a2971a8d0c7274b28a2d3fa9146390a51e7ffda4bc2406d10fda64d6f727"},
    {file = "pydantic-1.10.3-cp38-cp38-musllinux_1_1_x86_64.whl", hash = "sha256:e8b895bf2faf61dba6ab9990e01e99d0b96e3d6a23e810d85060a51fbc27e1dc"},
    {file = "pydantic-1.10.3-cp38-cp38-win_amd64.whl", hash = "sha256:85bbea6c5b9bbd07532a875ab09a6d4987d89eb5566c6b8d2cc60f2dcdec5300"},
    {file = "pydantic-1.10.3-cp39-cp39-macosx_10_9_x86_64.whl", hash = "sha256:0627a759a14dc47cdca10e3590c86df368d96b46b23db44c986286656007d253"},
    {file = "pydantic-1.10.3-cp39-cp39-macosx_11_0_arm64.whl", hash = "sha256:9197d3f22eefa113bcb0564cfc5812ccf889aaff08a6459c9ed04796b8f88c14"},
    {file = "pydantic-1.10.3-cp39-cp39-manylinux_2_17_x86_64.manylinux2014_x86_64.whl", hash = "sha256:89aef6dc6b7c6ae2dea27eea5fde6b5c766397a6c765c19414713dbc832a245d"},
    {file = "pydantic-1.10.3-cp39-cp39-manylinux_2_5_i686.manylinux1_i686.manylinux_2_17_i686.manylinux2014_i686.whl", hash = "sha256:ac2a986c200c1739ce1a358d545f133d3a50b896c88c0c02a35c661120d85692"},
    {file = "pydantic-1.10.3-cp39-cp39-musllinux_1_1_i686.whl", hash = "sha256:9ee33436a271e46ed3be422cb23f8c75c2dce53abf7259b7dd173ed1b7cabb66"},
    {file = "pydantic-1.10.3-cp39-cp39-musllinux_1_1_x86_64.whl", hash = "sha256:8e7c2d9ffca1124e751db9ae529968dbbcefd0b8db69ce958bb7cf777716e7b8"},
    {file = "pydantic-1.10.3-cp39-cp39-win_amd64.whl", hash = "sha256:6804f70ebf7e1d37bf8e0d0baf2bee20e3b07229b600db4c46eddd5f3738308a"},
    {file = "pydantic-1.10.3-py3-none-any.whl", hash = "sha256:c50085e5ebd9da2e7d67353969185f6a6c190ed4142f93a46aa294c8213c466a"},
    {file = "pydantic-1.10.3.tar.gz", hash = "sha256:01d450f1b6a642c98f58630e807f7554df0a8ce669ffaff087ce9e1fd4ff7ec8"},
]
pyflakes = [
    {file = "pyflakes-2.5.0-py2.py3-none-any.whl", hash = "sha256:4579f67d887f804e67edb544428f264b7b24f435b263c4614f384135cea553d2"},
    {file = "pyflakes-2.5.0.tar.gz", hash = "sha256:491feb020dca48ccc562a8c0cbe8df07ee13078df59813b83959cbdada312ea3"},
]
pygls = [
    {file = "pygls-0.13.1-py3-none-any.whl", hash = "sha256:37a1b5a45fe8934d992412f11d84d69d2ede55b52df2e34e6aa9342e5308d20e"},
    {file = "pygls-0.13.1.tar.gz", hash = "sha256:b2d3f5cbf3d0e5dfa88b9150a371e3a0e619d7f25b77113aba4ca746c8385a66"},
]
tree-sitter = [
    {file = "tree_sitter-0.20.1-cp39-cp39-macosx_12_0_arm64.whl", hash = "sha256:6f11a1fd909dcf569e7b1d98861a837436799e757bbbc5cd5280989050929e12"},
    {file = "tree_sitter-0.20.1.tar.gz", hash = "sha256:e93f082c545d6649bcfb5d681ed255eb004a6ce22988971a128f40692feec60d"},
]
typeguard = [
    {file = "typeguard-2.13.3-py3-none-any.whl", hash = "sha256:5e3e3be01e887e7eafae5af63d1f36c849aaa94e3a0112097312aabfa16284f1"},
    {file = "typeguard-2.13.3.tar.gz", hash = "sha256:00edaa8da3a133674796cf5ea87d9f4b4c367d77476e185e80251cc13dfbb8c4"},
]
typing-extensions = [
    {file = "typing_extensions-4.4.0-py3-none-any.whl", hash = "sha256:16fa4864408f655d35ec496218b85f79b3437c829e93320c7c9215ccfd92489e"},
    {file = "typing_extensions-4.4.0.tar.gz", hash = "sha256:1511434bb92bf8dd198c12b1cc812e800d4181cfcb867674e0f8279cc93087aa"},
]
win32-setctime = [
    {file = "win32_setctime-1.1.0-py3-none-any.whl", hash = "sha256:231db239e959c2fe7eb1d7dc129f11172354f98361c4fa2d6d2d7e278baa8aad"},
    {file = "win32_setctime-1.1.0.tar.gz", hash = "sha256:15cf5750465118d6929ae4de4eb46e8edae9a5634350c01ba582df868e932cb2"},
]
